{
  "name": "dependable-tempy5PdEL",
  "lockfileVersion": 2,
  "requires": true,
  "data": "{\n  \"name\": \"sample-web-integration\",\n  \"version\": \"0.0.0\",\n  \"lockfileVersion\": 2,\n  \"requires\": true,\n  \"packages\": {\n    \"\": {\n      \"name\": \"sample-web-integration\",\n      \"version\": \"0.0.0\",\n      \"dependencies\": {\n        \"axios\": \"^0.21.1\",\n        \"cookie-parser\": \"~1.4.4\",\n        \"debug\": \"~2.6.9\",\n        \"dotenv\": \"^8.2.0\",\n        \"ejs\": \"~2.6.1\",\n        \"express\": \"~4.16.1\",\n        \"http-errors\": \"~1.6.3\",\n        \"morgan\": \"~1.9.1\"\n      }\n    },\n    \"node_modules/accepts\": {\n      \"version\": \"1.3.7\",\n      \"resolved\": \"https://registry.npmjs.org/accepts/-/accepts-1.3.7.tgz\",\n      \"integrity\": \"sha512-Il80Qs2WjYlJIBNzNkK6KYqlVMTbZLXgHx2oT0pU/fjRHyEp+PEfEPY0R3WCwAGVOtauxh1hOxNgIf5bv7dQpA==\",\n      \"dependencies\": {\n        \"mime-types\": \"~2.1.24\",\n        \"negotiator\": \"0.6.2\"\n      },\n      \"engines\": {\n        \"node\": \">= 0.6\"\n      }\n    },\n    \"node_modules/array-flatten\": {\n      \"version\": \"1.1.1\",\n      \"resolved\": \"https://registry.npmjs.org/array-flatten/-/array-flatten-1.1.1.tgz\",\n      \"integrity\": \"sha1-ml9pkFGx5wczKPKgCJaLZOopVdI=\"\n    },\n    \"node_modules/axios\": {\n      \"version\": \"0.21.4\",\n      \"resolved\": \"https://registry.npmjs.org/axios/-/axios-0.21.4.tgz\",\n      \"integrity\": \"sha512-ut5vewkiu8jjGBdqpM44XxjuCjq9LAKeHVmoVfHVzy8eHgxxq8SbAVQNovDA8mVi05kP0Ea/n/UzcSHcTJQfNg==\",\n      \"dependencies\": {\n        \"follow-redirects\": \"^1.14.0\"\n      }\n    },\n    \"node_modules/basic-auth\": {\n      \"version\": \"2.0.1\",\n      \"resolved\": \"https://registry.npmjs.org/basic-auth/-/basic-auth-2.0.1.tgz\",\n      \"integrity\": \"sha512-NF+epuEdnUYVlGuhaxbbq+dvJttwLnGY+YixlXlME5KpQ5W3CnXA5cVTneY3SPbPDRkcjMbifrwmFYcClgOZeg==\",\n      \"dependencies\": {\n        \"safe-buffer\": \"5.1.2\"\n      },\n      \"engines\": {\n        \"node\": \">= 0.8\"\n      }\n    },\n    \"node_modules/body-parser\": {\n      \"version\": \"1.18.3\",\n      \"resolved\": \"https://registry.npmjs.org/body-parser/-/body-parser-1.18.3.tgz\",\n      \"integrity\": \"sha1-WykhmP/dVTs6DyDe0FkrlWlVyLQ=\",\n      \"dependencies\": {\n        \"bytes\": \"3.0.0\",\n        \"content-type\": \"~1.0.4\",\n        \"debug\": \"2.6.9\",\n        \"depd\": \"~1.1.2\",\n        \"http-errors\": \"~1.6.3\",\n        \"iconv-lite\": \"0.4.23\",\n        \"on-finished\": \"~2.3.0\",\n        \"qs\": \"6.5.2\",\n        \"raw-body\": \"2.3.3\",\n        \"type-is\": \"~1.6.16\"\n      },\n      \"engines\": {\n        \"node\": \">= 0.8\"\n      }\n    },\n    \"node_modules/bytes\": {\n      \"version\": \"3.0.0\",\n      \"resolved\": \"https://registry.npmjs.org/bytes/-/bytes-3.0.0.tgz\",\n      \"integrity\": \"sha1-0ygVQE1olpn4Wk6k+odV3ROpYEg=\",\n      \"engines\": {\n        \"node\": \">= 0.8\"\n      }\n    },\n    \"node_modules/content-disposition\": {\n      \"version\": \"0.5.2\",\n      \"resolved\": \"https://registry.npmjs.org/content-disposition/-/content-disposition-0.5.2.tgz\",\n      \"integrity\": \"sha1-DPaLud318r55YcOoUXjLhdunjLQ=\",\n      \"engines\": {\n        \"node\": \">= 0.6\"\n      }\n    },\n    \"node_modules/content-type\": {\n      \"version\": \"1.0.4\",\n      \"resolved\": \"https://registry.npmjs.org/content-type/-/content-type-1.0.4.tgz\",\n      \"integrity\": \"sha512-hIP3EEPs8tB9AT1L+NUqtwOAps4mk2Zob89MWXMHjHWg9milF/j4osnnQLXBCBFBk/tvIG/tUc9mOUJiPBhPXA==\",\n      \"engines\": {\n        \"node\": \">= 0.6\"\n      }\n    },\n    \"node_modules/cookie\": {\n      \"version\": \"0.4.0\",\n      \"resolved\": \"https://registry.npmjs.org/cookie/-/cookie-0.4.0.tgz\",\n      \"integrity\": \"sha512-+Hp8fLp57wnUSt0tY0tHEXh4voZRDnoIrZPqlo3DPiI4y9lwg/jqx+1Om94/W6ZaPDOUbnjOt/99w66zk+l1Xg==\",\n      \"engines\": {\n        \"node\": \">= 0.6\"\n      }\n    },\n    \"node_modules/cookie-parser\": {\n      \"version\": \"1.4.5\",\n      \"resolved\": \"https://registry.npmjs.org/cookie-parser/-/cookie-parser-1.4.5.tgz\",\n      \"integrity\": \"sha512-f13bPUj/gG/5mDr+xLmSxxDsB9DQiTIfhJS/sqjrmfAWiAN+x2O4i/XguTL9yDZ+/IFDanJ+5x7hC4CXT9Tdzw==\",\n      \"dependencies\": {\n        \"cookie\": \"0.4.0\",\n        \"cookie-signature\": \"1.0.6\"\n      },\n      \"engines\": {\n        \"node\": \">= 0.8.0\"\n      }\n    },\n    \"node_modules/cookie-signature\": {\n      \"version\": \"1.0.6\",\n      \"resolved\": \"https://registry.npmjs.org/cookie-signature/-/cookie-signature-1.0.6.tgz\",\n      \"integrity\": \"sha1-4wOogrNCzD7oylE6eZmXNNqzriw=\"\n    },\n    \"node_modules/debug\": {\n      \"version\": \"2.6.9\",\n      \"resolved\": \"https://registry.npmjs.org/debug/-/debug-2.6.9.tgz\",\n      \"integrity\": \"sha512-bC7ElrdJaJnPbAP+1EotYvqZsb3ecl5wi6Bfi6BJTUcNowp6cvspg0jXznRTKDjm/E7AdgFBVeAPVMNcKGsHMA==\",\n      \"dependencies\": {\n        \"ms\": \"2.0.0\"\n      }\n    },\n    \"node_modules/depd\": {\n      \"version\": \"1.1.2\",\n      \"resolved\": \"https://registry.npmjs.org/depd/-/depd-1.1.2.tgz\",\n      \"integrity\": \"sha1-m81S4UwJd2PnSbJ0xDRu0uVgtak=\",\n      \"engines\": {\n        \"node\": \">= 0.6\"\n      }\n    },\n    \"node_modules/destroy\": {\n      \"version\": \"1.0.4\",\n      \"resolved\": \"https://registry.npmjs.org/destroy/-/destroy-1.0.4.tgz\",\n      \"integrity\": \"sha1-l4hXRCxEdJ5CBmE+N5RiBYJqvYA=\"\n    },\n    \"node_modules/dotenv\": {\n      \"version\": \"8.2.0\",\n      \"resolved\": \"https://registry.npmjs.org/dotenv/-/dotenv-8.2.0.tgz\",\n      \"integrity\": \"sha512-8sJ78ElpbDJBHNeBzUbUVLsqKdccaa/BXF1uPTw3GrvQTBgrQrtObr2mUrE38vzYd8cEv+m/JBfDLioYcfXoaw==\",\n      \"engines\": {\n        \"node\": \">=8\"\n      }\n    },\n    \"node_modules/ee-first\": {\n      \"version\": \"1.1.1\",\n      \"resolved\": \"https://registry.npmjs.org/ee-first/-/ee-first-1.1.1.tgz\",\n      \"integrity\": \"sha1-WQxhFWsK4vTwJVcyoViyZrxWsh0=\"\n    },\n    \"node_modules/ejs\": {\n      \"version\": \"2.6.2\",\n      \"resolved\": \"https://registry.npmjs.org/ejs/-/ejs-2.6.2.tgz\",\n      \"integrity\": \"sha512-PcW2a0tyTuPHz3tWyYqtK6r1fZ3gp+3Sop8Ph+ZYN81Ob5rwmbHEzaqs10N3BEsaGTkh/ooniXK+WwszGlc2+Q==\",\n      \"engines\": {\n        \"node\": \">=0.10.0\"\n      }\n    },\n    \"node_modules/encodeurl\": {\n      \"version\": \"1.0.2\",\n      \"resolved\": \"https://registry.npmjs.org/encodeurl/-/encodeurl-1.0.2.tgz\",\n      \"integrity\": \"sha1-rT/0yG7C0CkyL1oCw6mmBslbP1k=\",\n      \"engines\": {\n        \"node\": \">= 0.8\"\n      }\n    },\n    \"node_modules/escape-html\": {\n      \"version\": \"1.0.3\",\n      \"resolved\": \"https://registry.npmjs.org/escape-html/-/escape-html-1.0.3.tgz\",\n      \"integrity\": \"sha1-Aljq5NPQwJdN4cFpGI7wBR0dGYg=\"\n    },\n    \"node_modules/etag\": {\n      \"version\": \"1.8.1\",\n      \"resolved\": \"https://registry.npmjs.org/etag/-/etag-1.8.1.tgz\",\n      \"integrity\": \"sha1-Qa4u62XvpiJorr/qg6x9eSmbCIc=\",\n      \"engines\": {\n        \"node\": \">= 0.6\"\n      }\n    },\n    \"node_modules/express\": {\n      \"version\": \"4.16.4\",\n      \"resolved\": \"https://registry.npmjs.org/express/-/express-4.16.4.tgz\",\n      \"integrity\": \"sha512-j12Uuyb4FMrd/qQAm6uCHAkPtO8FDTRJZBDd5D2KOL2eLaz1yUNdUB/NOIyq0iU4q4cFarsUCrnFDPBcnksuOg==\",\n      \"dependencies\": {\n        \"accepts\": \"~1.3.5\",\n        \"array-flatten\": \"1.1.1\",\n        \"body-parser\": \"1.18.3\",\n        \"content-disposition\": \"0.5.2\",\n        \"content-type\": \"~1.0.4\",\n        \"cookie\": \"0.3.1\",\n        \"cookie-signature\": \"1.0.6\",\n        \"debug\": \"2.6.9\",\n        \"depd\": \"~1.1.2\",\n        \"encodeurl\": \"~1.0.2\",\n        \"escape-html\": \"~1.0.3\",\n        \"etag\": \"~1.8.1\",\n        \"finalhandler\": \"1.1.1\",\n        \"fresh\": \"0.5.2\",\n        \"merge-descriptors\": \"1.0.1\",\n        \"methods\": \"~1.1.2\",\n        \"on-finished\": \"~2.3.0\",\n        \"parseurl\": \"~1.3.2\",\n        \"path-to-regexp\": \"0.1.7\",\n        \"proxy-addr\": \"~2.0.4\",\n        \"qs\": \"6.5.2\",\n        \"range-parser\": \"~1.2.0\",\n        \"safe-buffer\": \"5.1.2\",\n        \"send\": \"0.16.2\",\n        \"serve-static\": \"1.13.2\",\n        \"setprototypeof\": \"1.1.0\",\n        \"statuses\": \"~1.4.0\",\n        \"type-is\": \"~1.6.16\",\n        \"utils-merge\": \"1.0.1\",\n        \"vary\": \"~1.1.2\"\n      },\n      \"engines\": {\n        \"node\": \">= 0.10.0\"\n      }\n    },\n    \"node_modules/express/node_modules/cookie\": {\n      \"version\": \"0.3.1\",\n      \"resolved\": \"https://registry.npmjs.org/cookie/-/cookie-0.3.1.tgz\",\n      \"integrity\": \"sha1-5+Ch+e9DtMi6klxcWpboBtFoc7s=\",\n      \"engines\": {\n        \"node\": \">= 0.6\"\n      }\n    },\n    \"node_modules/finalhandler\": {\n      \"version\": \"1.1.1\",\n      \"resolved\": \"https://registry.npmjs.org/finalhandler/-/finalhandler-1.1.1.tgz\",\n      \"integrity\": \"sha512-Y1GUDo39ez4aHAw7MysnUD5JzYX+WaIj8I57kO3aEPT1fFRL4sr7mjei97FgnwhAyyzRYmQZaTHb2+9uZ1dPtg==\",\n      \"dependencies\": {\n        \"debug\": \"2.6.9\",\n        \"encodeurl\": \"~1.0.2\",\n        \"escape-html\": \"~1.0.3\",\n        \"on-finished\": \"~2.3.0\",\n        \"parseurl\": \"~1.3.2\",\n        \"statuses\": \"~1.4.0\",\n        \"unpipe\": \"~1.0.0\"\n      },\n      \"engines\": {\n        \"node\": \">= 0.8\"\n      }\n    },\n    \"node_modules/follow-redirects\": {\n      \"version\": \"1.15.1\",\n      \"resolved\": \"https://registry.npmjs.org/follow-redirects/-/follow-redirects-1.15.1.tgz\",\n      \"integrity\": \"sha512-yLAMQs+k0b2m7cVxpS1VKJVvoz7SS9Td1zss3XRwXj+ZDH00RJgnuLx7E44wx02kQLrdM3aOOy+FpzS7+8OizA==\",\n      \"funding\": [\n        {\n          \"type\": \"individual\",\n          \"url\": \"https://github.com/sponsors/RubenVerborgh\"\n        }\n      ],\n      \"engines\": {\n        \"node\": \">=4.0\"\n      },\n      \"peerDependenciesMeta\": {\n        \"debug\": {\n          \"optional\": true\n        }\n      }\n    },\n    \"node_modules/forwarded\": {\n      \"version\": \"0.1.2\",\n      \"resolved\": \"https://registry.npmjs.org/forwarded/-/forwarded-0.1.2.tgz\",\n      \"integrity\": \"sha1-mMI9qxF1ZXuMBXPozszZGw/xjIQ=\",\n      \"engines\": {\n        \"node\": \">= 0.6\"\n      }\n    },\n    \"node_modules/fresh\": {\n      \"version\": \"0.5.2\",\n      \"resolved\": \"https://registry.npmjs.org/fresh/-/fresh-0.5.2.tgz\",\n      \"integrity\": \"sha1-PYyt2Q2XZWn6g1qx+OSyOhBWBac=\",\n      \"engines\": {\n        \"node\": \">= 0.6\"\n      }\n    },\n    \"node_modules/http-errors\": {\n      \"version\": \"1.6.3\",\n      \"resolved\": \"https://registry.npmjs.org/http-errors/-/http-errors-1.6.3.tgz\",\n      \"integrity\": \"sha1-i1VoC7S+KDoLW/TqLjhYC+HZMg0=\",\n      \"dependencies\": {\n        \"depd\": \"~1.1.2\",\n        \"inherits\": \"2.0.3\",\n        \"setprototypeof\": \"1.1.0\",\n        \"statuses\": \">= 1.4.0 < 2\"\n      },\n      \"engines\": {\n        \"node\": \">= 0.6\"\n      }\n    },\n    \"node_modules/iconv-lite\": {\n      \"version\": \"0.4.23\",\n      \"resolved\": \"https://registry.npmjs.org/iconv-lite/-/iconv-lite-0.4.23.tgz\",\n      \"integrity\": \"sha512-neyTUVFtahjf0mB3dZT77u+8O0QB89jFdnBkd5P1JgYPbPaia3gXXOVL2fq8VyU2gMMD7SaN7QukTB/pmXYvDA==\",\n      \"dependencies\": {\n        \"safer-buffer\": \">= 2.1.2 < 3\"\n      },\n      \"engines\": {\n        \"node\": \">=0.10.0\"\n      }\n    },\n    \"node_modules/inherits\": {\n      \"version\": \"2.0.3\",\n      \"resolved\": \"https://registry.npmjs.org/inherits/-/inherits-2.0.3.tgz\",\n      \"integrity\": \"sha1-Yzwsg+PaQqUC9SRmAiSA9CCCYd4=\"\n    },\n    \"node_modules/ipaddr.js\": {\n      \"version\": \"1.9.1\",\n      \"resolved\": \"https://registry.npmjs.org/ipaddr.js/-/ipaddr.js-1.9.1.tgz\",\n      \"integrity\": \"sha512-0KI/607xoxSToH7GjN1FfSbLoU0+btTicjsQSWQlh/hZykN8KpmMf7uYwPW3R+akZ6R/w18ZlXSHBYXiYUPO3g==\",\n      \"engines\": {\n        \"node\": \">= 0.10\"\n      }\n    },\n    \"node_modules/media-typer\": {\n      \"version\": \"0.3.0\",\n      \"resolved\": \"https://registry.npmjs.org/media-typer/-/media-typer-0.3.0.tgz\",\n      \"integrity\": \"sha1-hxDXrwqmJvj/+hzgAWhUUmMlV0g=\",\n      \"engines\": {\n        \"node\": \">= 0.6\"\n      }\n    },\n    \"node_modules/merge-descriptors\": {\n      \"version\": \"1.0.1\",\n      \"resolved\": \"https://registry.npmjs.org/merge-descriptors/-/merge-descriptors-1.0.1.tgz\",\n      \"integrity\": \"sha1-sAqqVW3YtEVoFQ7J0blT8/kMu2E=\"\n    },\n    \"node_modules/methods\": {\n      \"version\": \"1.1.2\",\n      \"resolved\": \"https://registry.npmjs.org/methods/-/methods-1.1.2.tgz\",\n      \"integrity\": \"sha1-VSmk1nZUE07cxSZmVoNbD4Ua/O4=\",\n      \"engines\": {\n        \"node\": \">= 0.6\"\n      }\n    },\n    \"node_modules/mime\": {\n      \"version\": \"1.4.1\",\n      \"resolved\": \"https://registry.npmjs.org/mime/-/mime-1.4.1.tgz\",\n      \"integrity\": \"sha512-KI1+qOZu5DcW6wayYHSzR/tXKCDC5Om4s1z2QJjDULzLcmf3DvzS7oluY4HCTrc+9FiKmWUgeNLg7W3uIQvxtQ==\",\n      \"bin\": {\n        \"mime\": \"cli.js\"\n      }\n    },\n    \"node_modules/mime-db\": {\n      \"version\": \"1.45.0\",\n      \"resolved\": \"https://registry.npmjs.org/mime-db/-/mime-db-1.45.0.tgz\",\n      \"integrity\": \"sha512-CkqLUxUk15hofLoLyljJSrukZi8mAtgd+yE5uO4tqRZsdsAJKv0O+rFMhVDRJgozy+yG6md5KwuXhD4ocIoP+w==\",\n      \"engines\": {\n        \"node\": \">= 0.6\"\n      }\n    },\n    \"node_modules/mime-types\": {\n      \"version\": \"2.1.28\",\n      \"resolved\": \"https://registry.npmjs.org/mime-types/-/mime-types-2.1.28.tgz\",\n      \"integrity\": \"sha512-0TO2yJ5YHYr7M2zzT7gDU1tbwHxEUWBCLt0lscSNpcdAfFyJOVEpRYNS7EXVcTLNj/25QO8gulHC5JtTzSE2UQ==\",\n      \"dependencies\": {\n        \"mime-db\": \"1.45.0\"\n      },\n      \"engines\": {\n        \"node\": \">= 0.6\"\n      }\n    },\n    \"node_modules/morgan\": {\n      \"version\": \"1.9.1\",\n      \"resolved\": \"https://registry.npmjs.org/morgan/-/morgan-1.9.1.tgz\",\n      \"integrity\": \"sha512-HQStPIV4y3afTiCYVxirakhlCfGkI161c76kKFca7Fk1JusM//Qeo1ej2XaMniiNeaZklMVrh3vTtIzpzwbpmA==\",\n      \"dependencies\": {\n        \"basic-auth\": \"~2.0.0\",\n        \"debug\": \"2.6.9\",\n        \"depd\": \"~1.1.2\",\n        \"on-finished\": \"~2.3.0\",\n        \"on-headers\": \"~1.0.1\"\n      },\n      \"engines\": {\n        \"node\": \">= 0.8.0\"\n      }\n    },\n    \"node_modules/ms\": {\n      \"version\": \"2.0.0\",\n      \"resolved\": \"https://registry.npmjs.org/ms/-/ms-2.0.0.tgz\",\n      \"integrity\": \"sha1-VgiurfwAvmwpAd9fmGF4jeDVl8g=\"\n    },\n    \"node_modules/negotiator\": {\n      \"version\": \"0.6.2\",\n      \"resolved\": \"https://registry.npmjs.org/negotiator/-/negotiator-0.6.2.tgz\",\n      \"integrity\": \"sha512-hZXc7K2e+PgeI1eDBe/10Ard4ekbfrrqG8Ep+8Jmf4JID2bNg7NvCPOZN+kfF574pFQI7mum2AUqDidoKqcTOw==\",\n      \"engines\": {\n        \"node\": \">= 0.6\"\n      }\n    },\n    \"node_modules/on-finished\": {\n      \"version\": \"2.3.0\",\n      \"resolved\": \"https://registry.npmjs.org/on-finished/-/on-finished-2.3.0.tgz\",\n      \"integrity\": \"sha1-IPEzZIGwg811M3mSoWlxqi2QaUc=\",\n      \"dependencies\": {\n        \"ee-first\": \"1.1.1\"\n      },\n      \"engines\": {\n        \"node\": \">= 0.8\"\n      }\n    },\n    \"node_modules/on-headers\": {\n      \"version\": \"1.0.2\",\n      \"resolved\": \"https://registry.npmjs.org/on-headers/-/on-headers-1.0.2.tgz\",\n      \"integrity\": \"sha512-pZAE+FJLoyITytdqK0U5s+FIpjN0JP3OzFi/u8Rx+EV5/W+JTWGXG8xFzevE7AjBfDqHv/8vL8qQsIhHnqRkrA==\",\n      \"engines\": {\n        \"node\": \">= 0.8\"\n      }\n    },\n    \"node_modules/parseurl\": {\n      \"version\": \"1.3.3\",\n      \"resolved\": \"https://registry.npmjs.org/parseurl/-/parseurl-1.3.3.tgz\",\n      \"integrity\": \"sha512-CiyeOxFT/JZyN5m0z9PfXw4SCBJ6Sygz1Dpl0wqjlhDEGGBP1GnsUVEL0p63hoG1fcj3fHynXi9NYO4nWOL+qQ==\",\n      \"engines\": {\n        \"node\": \">= 0.8\"\n      }\n    },\n    \"node_modules/path-to-regexp\": {\n      \"version\": \"0.1.7\",\n      \"resolved\": \"https://registry.npmjs.org/path-to-regexp/-/path-to-regexp-0.1.7.tgz\",\n      \"integrity\": \"sha1-32BBeABfUi8V60SQ5yR6G/qmf4w=\"\n    },\n    \"node_modules/proxy-addr\": {\n      \"version\": \"2.0.6\",\n      \"resolved\": \"https://registry.npmjs.org/proxy-addr/-/proxy-addr-2.0.6.tgz\",\n      \"integrity\": \"sha512-dh/frvCBVmSsDYzw6n926jv974gddhkFPfiN8hPOi30Wax25QZyZEGveluCgliBnqmuM+UJmBErbAUFIoDbjOw==\",\n      \"dependencies\": {\n        \"forwarded\": \"~0.1.2\",\n        \"ipaddr.js\": \"1.9.1\"\n      },\n      \"engines\": {\n        \"node\": \">= 0.10\"\n      }\n    },\n    \"node_modules/qs\": {\n      \"version\": \"6.5.2\",\n      \"resolved\": \"https://registry.npmjs.org/qs/-/qs-6.5.2.tgz\",\n      \"integrity\": \"sha512-N5ZAX4/LxJmF+7wN74pUD6qAh9/wnvdQcjq9TZjevvXzSUo7bfmw91saqMjzGS2xq91/odN2dW/WOl7qQHNDGA==\",\n      \"engines\": {\n        \"node\": \">=0.6\"\n      }\n    },\n    \"node_modules/range-parser\": {\n      \"version\": \"1.2.1\",\n      \"resolved\": \"https://registry.npmjs.org/range-parser/-/range-parser-1.2.1.tgz\",\n      \"integrity\": \"sha512-Hrgsx+orqoygnmhFbKaHE6c296J+HTAQXoxEF6gNupROmmGJRoyzfG3ccAveqCBrwr/2yxQ5BVd/GTl5agOwSg==\",\n      \"engines\": {\n        \"node\": \">= 0.6\"\n      }\n    },\n    \"node_modules/raw-body\": {\n      \"version\": \"2.3.3\",\n      \"resolved\": \"https://registry.npmjs.org/raw-body/-/raw-body-2.3.3.tgz\",\n      \"integrity\": \"sha512-9esiElv1BrZoI3rCDuOuKCBRbuApGGaDPQfjSflGxdy4oyzqghxu6klEkkVIvBje+FF0BX9coEv8KqW6X/7njw==\",\n      \"dependencies\": {\n        \"bytes\": \"3.0.0\",\n        \"http-errors\": \"1.6.3\",\n        \"iconv-lite\": \"0.4.23\",\n        \"unpipe\": \"1.0.0\"\n      },\n      \"engines\": {\n        \"node\": \">= 0.8\"\n      }\n    },\n    \"node_modules/safe-buffer\": {\n      \"version\": \"5.1.2\",\n      \"resolved\": \"https://registry.npmjs.org/safe-buffer/-/safe-buffer-5.1.2.tgz\",\n      \"integrity\": \"sha512-Gd2UZBJDkXlY7GbJxfsE8/nvKkUEU1G38c1siN6QP6a9PT9MmHB8GnpscSmMJSoF8LOIrt8ud/wPtojys4G6+g==\"\n    },\n    \"node_modules/safer-buffer\": {\n      \"version\": \"2.1.2\",\n      \"resolved\": \"https://registry.npmjs.org/safer-buffer/-/safer-buffer-2.1.2.tgz\",\n      \"integrity\": \"sha512-YZo3K82SD7Riyi0E1EQPojLz7kpepnSQI9IyPbHHg1XXXevb5dJI7tpyN2ADxGcQbHG7vcyRHk0cbwqcQriUtg==\"\n    },\n    \"node_modules/send\": {\n      \"version\": \"0.16.2\",\n      \"resolved\": \"https://registry.npmjs.org/send/-/send-0.16.2.tgz\",\n      \"integrity\": \"sha512-E64YFPUssFHEFBvpbbjr44NCLtI1AohxQ8ZSiJjQLskAdKuriYEP6VyGEsRDH8ScozGpkaX1BGvhanqCwkcEZw==\",\n      \"dependencies\": {\n        \"debug\": \"2.6.9\",\n        \"depd\": \"~1.1.2\",\n        \"destroy\": \"~1.0.4\",\n        \"encodeurl\": \"~1.0.2\",\n        \"escape-html\": \"~1.0.3\",\n        \"etag\": \"~1.8.1\",\n        \"fresh\": \"0.5.2\",\n        \"http-errors\": \"~1.6.2\",\n        \"mime\": \"1.4.1\",\n        \"ms\": \"2.0.0\",\n        \"on-finished\": \"~2.3.0\",\n        \"range-parser\": \"~1.2.0\",\n        \"statuses\": \"~1.4.0\"\n      },\n      \"engines\": {\n        \"node\": \">= 0.8.0\"\n      }\n    },\n    \"node_modules/serve-static\": {\n      \"version\": \"1.13.2\",\n      \"resolved\": \"https://registry.npmjs.org/serve-static/-/serve-static-1.13.2.tgz\",\n      \"integrity\": \"sha512-p/tdJrO4U387R9oMjb1oj7qSMaMfmOyd4j9hOFoxZe2baQszgHcSWjuya/CiT5kgZZKRudHNOA0pYXOl8rQ5nw==\",\n      \"dependencies\": {\n        \"encodeurl\": \"~1.0.2\",\n        \"escape-html\": \"~1.0.3\",\n        \"parseurl\": \"~1.3.2\",\n        \"send\": \"0.16.2\"\n      },\n      \"engines\": {\n        \"node\": \">= 0.8.0\"\n      }\n    },\n    \"node_modules/setprototypeof\": {\n      \"version\": \"1.1.0\",\n      \"resolved\": \"https://registry.npmjs.org/setprototypeof/-/setprototypeof-1.1.0.tgz\",\n      \"integrity\": \"sha512-BvE/TwpZX4FXExxOxZyRGQQv651MSwmWKZGqvmPcRIjDqWub67kTKuIMx43cZZrS/cBBzwBcNDWoFxt2XEFIpQ==\"\n    },\n    \"node_modules/statuses\": {\n      \"version\": \"1.4.0\",\n      \"resolved\": \"https://registry.npmjs.org/statuses/-/statuses-1.4.0.tgz\",\n      \"integrity\": \"sha512-zhSCtt8v2NDrRlPQpCNtw/heZLtfUDqxBM1udqikb/Hbk52LK4nQSwr10u77iopCW5LsyHpuXS0GnEc48mLeew==\",\n      \"engines\": {\n        \"node\": \">= 0.6\"\n      }\n    },\n    \"node_modules/type-is\": {\n      \"version\": \"1.6.18\",\n      \"resolved\": \"https://registry.npmjs.org/type-is/-/type-is-1.6.18.tgz\",\n      \"integrity\": \"sha512-TkRKr9sUTxEH8MdfuCSP7VizJyzRNMjj2J2do2Jr3Kym598JVdEksuzPQCnlFPW4ky9Q+iA+ma9BGm06XQBy8g==\",\n      \"dependencies\": {\n        \"media-typer\": \"0.3.0\",\n        \"mime-types\": \"~2.1.24\"\n      },\n      \"engines\": {\n        \"node\": \">= 0.6\"\n      }\n    },\n    \"node_modules/unpipe\": {\n      \"version\": \"1.0.0\",\n      \"resolved\": \"https://registry.npmjs.org/unpipe/-/unpipe-1.0.0.tgz\",\n      \"integrity\": \"sha1-sr9O6FFKrmFltIF4KdIbLvSZBOw=\",\n      \"engines\": {\n        \"node\": \">= 0.8\"\n      }\n    },\n    \"node_modules/utils-merge\": {\n      \"version\": \"1.0.1\",\n      \"resolved\": \"https://registry.npmjs.org/utils-merge/-/utils-merge-1.0.1.tgz\",\n      \"integrity\": \"sha1-n5VxD1CiZ5R7LMwSR0HBAoQn5xM=\",\n      \"engines\": {\n        \"node\": \">= 0.4.0\"\n      }\n    },\n    \"node_modules/vary\": {\n      \"version\": \"1.1.2\",\n      \"resolved\": \"https://registry.npmjs.org/vary/-/vary-1.1.2.tgz\",\n      \"integrity\": \"sha1-IpnwLG3tMNSllhsLn3RSShj2NPw=\",\n      \"engines\": {\n        \"node\": \">= 0.8\"\n      }\n    }\n  },\n  \"dependencies\": {\n    \"accepts\": {\n      \"version\": \"1.3.7\",\n      \"resolved\": \"https://registry.npmjs.org/accepts/-/accepts-1.3.7.tgz\",\n      \"integrity\": \"sha512-Il80Qs2WjYlJIBNzNkK6KYqlVMTbZLXgHx2oT0pU/fjRHyEp+PEfEPY0R3WCwAGVOtauxh1hOxNgIf5bv7dQpA==\",\n      \"requires\": {\n        \"mime-types\": \"~2.1.24\",\n        \"negotiator\": \"0.6.2\"\n      }\n    },\n    \"array-flatten\": {\n      \"version\": \"1.1.1\",\n      \"resolved\": \"https://registry.npmjs.org/array-flatten/-/array-flatten-1.1.1.tgz\",\n      \"integrity\": \"sha1-ml9pkFGx5wczKPKgCJaLZOopVdI=\"\n    },\n    \"axios\": {\n      \"version\": \"0.21.4\",\n      \"resolved\": \"https://registry.npmjs.org/axios/-/axios-0.21.4.tgz\",\n      \"integrity\": \"sha512-ut5vewkiu8jjGBdqpM44XxjuCjq9LAKeHVmoVfHVzy8eHgxxq8SbAVQNovDA8mVi05kP0Ea/n/UzcSHcTJQfNg==\",\n      \"requires\": {\n        \"follow-redirects\": \"^1.14.0\"\n      }\n    },\n    \"basic-auth\": {\n      \"version\": \"2.0.1\",\n      \"resolved\": \"https://registry.npmjs.org/basic-auth/-/basic-auth-2.0.1.tgz\",\n      \"integrity\": \"sha512-NF+epuEdnUYVlGuhaxbbq+dvJttwLnGY+YixlXlME5KpQ5W3CnXA5cVTneY3SPbPDRkcjMbifrwmFYcClgOZeg==\",\n      \"requires\": {\n        \"safe-buffer\": \"5.1.2\"\n      }\n    },\n    \"body-parser\": {\n      \"version\": \"1.18.3\",\n      \"resolved\": \"https://registry.npmjs.org/body-parser/-/body-parser-1.18.3.tgz\",\n      \"integrity\": \"sha1-WykhmP/dVTs6DyDe0FkrlWlVyLQ=\",\n      \"requires\": {\n        \"bytes\": \"3.0.0\",\n        \"content-type\": \"~1.0.4\",\n        \"debug\": \"2.6.9\",\n        \"depd\": \"~1.1.2\",\n        \"http-errors\": \"~1.6.3\",\n        \"iconv-lite\": \"0.4.23\",\n        \"on-finished\": \"~2.3.0\",\n        \"qs\": \"6.5.2\",\n        \"raw-body\": \"2.3.3\",\n        \"type-is\": \"~1.6.16\"\n      }\n    },\n    \"bytes\": {\n      \"version\": \"3.0.0\",\n      \"resolved\": \"https://registry.npmjs.org/bytes/-/bytes-3.0.0.tgz\",\n      \"integrity\": \"sha1-0ygVQE1olpn4Wk6k+odV3ROpYEg=\"\n    },\n    \"content-disposition\": {\n      \"version\": \"0.5.2\",\n      \"resolved\": \"https://registry.npmjs.org/content-disposition/-/content-disposition-0.5.2.tgz\",\n      \"integrity\": \"sha1-DPaLud318r55YcOoUXjLhdunjLQ=\"\n    },\n    \"content-type\": {\n      \"version\": \"1.0.4\",\n      \"resolved\": \"https://registry.npmjs.org/content-type/-/content-type-1.0.4.tgz\",\n      \"integrity\": \"sha512-hIP3EEPs8tB9AT1L+NUqtwOAps4mk2Zob89MWXMHjHWg9milF/j4osnnQLXBCBFBk/tvIG/tUc9mOUJiPBhPXA==\"\n    },\n    \"cookie\": {\n      \"version\": \"0.4.0\",\n      \"resolved\": \"https://registry.npmjs.org/cookie/-/cookie-0.4.0.tgz\",\n      \"integrity\": \"sha512-+Hp8fLp57wnUSt0tY0tHEXh4voZRDnoIrZPqlo3DPiI4y9lwg/jqx+1Om94/W6ZaPDOUbnjOt/99w66zk+l1Xg==\"\n    },\n    \"cookie-parser\": {\n      \"version\": \"1.4.5\",\n      \"resolved\": \"https://registry.npmjs.org/cookie-parser/-/cookie-parser-1.4.5.tgz\",\n      \"integrity\": \"sha512-f13bPUj/gG/5mDr+xLmSxxDsB9DQiTIfhJS/sqjrmfAWiAN+x2O4i/XguTL9yDZ+/IFDanJ+5x7hC4CXT9Tdzw==\",\n      \"requires\": {\n        \"cookie\": \"0.4.0\",\n        \"cookie-signature\": \"1.0.6\"\n      }\n    },\n    \"cookie-signature\": {\n      \"version\": \"1.0.6\",\n      \"resolved\": \"https://registry.npmjs.org/cookie-signature/-/cookie-signature-1.0.6.tgz\",\n      \"integrity\": \"sha1-4wOogrNCzD7oylE6eZmXNNqzriw=\"\n    },\n    \"debug\": {\n      \"version\": \"2.6.9\",\n      \"resolved\": \"https://registry.npmjs.org/debug/-/debug-2.6.9.tgz\",\n      \"integrity\": \"sha512-bC7ElrdJaJnPbAP+1EotYvqZsb3ecl5wi6Bfi6BJTUcNowp6cvspg0jXznRTKDjm/E7AdgFBVeAPVMNcKGsHMA==\",\n      \"requires\": {\n        \"ms\": \"2.0.0\"\n      }\n    },\n    \"depd\": {\n      \"version\": \"1.1.2\",\n      \"resolved\": \"https://registry.npmjs.org/depd/-/depd-1.1.2.tgz\",\n      \"integrity\": \"sha1-m81S4UwJd2PnSbJ0xDRu0uVgtak=\"\n    },\n    \"destroy\": {\n      \"version\": \"1.0.4\",\n      \"resolved\": \"https://registry.npmjs.org/destroy/-/destroy-1.0.4.tgz\",\n      \"integrity\": \"sha1-l4hXRCxEdJ5CBmE+N5RiBYJqvYA=\"\n    },\n    \"dotenv\": {\n      \"version\": \"8.2.0\",\n      \"resolved\": \"https://registry.npmjs.org/dotenv/-/dotenv-8.2.0.tgz\",\n      \"integrity\": \"sha512-8sJ78ElpbDJBHNeBzUbUVLsqKdccaa/BXF1uPTw3GrvQTBgrQrtObr2mUrE38vzYd8cEv+m/JBfDLioYcfXoaw==\"\n    },\n    \"ee-first\": {\n      \"version\": \"1.1.1\",\n      \"resolved\": \"https://registry.npmjs.org/ee-first/-/ee-first-1.1.1.tgz\",\n      \"integrity\": \"sha1-WQxhFWsK4vTwJVcyoViyZrxWsh0=\"\n    },\n    \"ejs\": {\n      \"version\": \"2.6.2\",\n      \"resolved\": \"https://registry.npmjs.org/ejs/-/ejs-2.6.2.tgz\",\n      \"integrity\": \"sha512-PcW2a0tyTuPHz3tWyYqtK6r1fZ3gp+3Sop8Ph+ZYN81Ob5rwmbHEzaqs10N3BEsaGTkh/ooniXK+WwszGlc2+Q==\"\n    },\n    \"encodeurl\": {\n      \"version\": \"1.0.2\",\n      \"resolved\": \"https://registry.npmjs.org/encodeurl/-/encodeurl-1.0.2.tgz\",\n      \"integrity\": \"sha1-rT/0yG7C0CkyL1oCw6mmBslbP1k=\"\n    },\n    \"escape-html\": {\n      \"version\": \"1.0.3\",\n      \"resolved\": \"https://registry.npmjs.org/escape-html/-/escape-html-1.0.3.tgz\",\n      \"integrity\": \"sha1-Aljq5NPQwJdN4cFpGI7wBR0dGYg=\"\n    },\n    \"etag\": {\n      \"version\": \"1.8.1\",\n      \"resolved\": \"https://registry.npmjs.org/etag/-/etag-1.8.1.tgz\",\n      \"integrity\": \"sha1-Qa4u62XvpiJorr/qg6x9eSmbCIc=\"\n    },\n    \"express\": {\n      \"version\": \"4.16.4\",\n      \"resolved\": \"https://registry.npmjs.org/express/-/express-4.16.4.tgz\",\n      \"integrity\": \"sha512-j12Uuyb4FMrd/qQAm6uCHAkPtO8FDTRJZBDd5D2KOL2eLaz1yUNdUB/NOIyq0iU4q4cFarsUCrnFDPBcnksuOg==\",\n      \"requires\": {\n        \"accepts\": \"~1.3.5\",\n        \"array-flatten\": \"1.1.1\",\n        \"body-parser\": \"1.18.3\",\n        \"content-disposition\": \"0.5.2\",\n        \"content-type\": \"~1.0.4\",\n        \"cookie\": \"0.3.1\",\n        \"cookie-signature\": \"1.0.6\",\n        \"debug\": \"2.6.9\",\n        \"depd\": \"~1.1.2\",\n        \"encodeurl\": \"~1.0.2\",\n        \"escape-html\": \"~1.0.3\",\n        \"etag\": \"~1.8.1\",\n        \"finalhandler\": \"1.1.1\",\n        \"fresh\": \"0.5.2\",\n        \"merge-descriptors\": \"1.0.1\",\n        \"methods\": \"~1.1.2\",\n        \"on-finished\": \"~2.3.0\",\n        \"parseurl\": \"~1.3.2\",\n        \"path-to-regexp\": \"0.1.7\",\n        \"proxy-addr\": \"~2.0.4\",\n        \"qs\": \"6.5.2\",\n        \"range-parser\": \"~1.2.0\",\n        \"safe-buffer\": \"5.1.2\",\n        \"send\": \"0.16.2\",\n        \"serve-static\": \"1.13.2\",\n        \"setprototypeof\": \"1.1.0\",\n        \"statuses\": \"~1.4.0\",\n        \"type-is\": \"~1.6.16\",\n        \"utils-merge\": \"1.0.1\",\n        \"vary\": \"~1.1.2\"\n      },\n      \"dependencies\": {\n        \"cookie\": {\n          \"version\": \"0.3.1\",\n          \"resolved\": \"https://registry.npmjs.org/cookie/-/cookie-0.3.1.tgz\",\n          \"integrity\": \"sha1-5+Ch+e9DtMi6klxcWpboBtFoc7s=\"\n        }\n      }\n    },\n    \"finalhandler\": {\n      \"version\": \"1.1.1\",\n      \"resolved\": \"https://registry.npmjs.org/finalhandler/-/finalhandler-1.1.1.tgz\",\n      \"integrity\": \"sha512-Y1GUDo39ez4aHAw7MysnUD5JzYX+WaIj8I57kO3aEPT1fFRL4sr7mjei97FgnwhAyyzRYmQZaTHb2+9uZ1dPtg==\",\n      \"requires\": {\n        \"debug\": \"2.6.9\",\n        \"encodeurl\": \"~1.0.2\",\n        \"escape-html\": \"~1.0.3\",\n        \"on-finished\": \"~2.3.0\",\n        \"parseurl\": \"~1.3.2\",\n        \"statuses\": \"~1.4.0\",\n        \"unpipe\": \"~1.0.0\"\n      }\n    },\n    \"follow-redirects\": {\n      \"version\": \"1.15.1\",\n      \"resolved\": \"https://registry.npmjs.org/follow-redirects/-/follow-redirects-1.15.1.tgz\",\n      \"integrity\": \"sha512-yLAMQs+k0b2m7cVxpS1VKJVvoz7SS9Td1zss3XRwXj+ZDH00RJgnuLx7E44wx02kQLrdM3aOOy+FpzS7+8OizA==\"\n    },\n    \"forwarded\": {\n      \"version\": \"0.1.2\",\n      \"resolved\": \"https://registry.npmjs.org/forwarded/-/forwarded-0.1.2.tgz\",\n      \"integrity\": \"sha1-mMI9qxF1ZXuMBXPozszZGw/xjIQ=\"\n    },\n    \"fresh\": {\n      \"version\": \"0.5.2\",\n      \"resolved\": \"https://registry.npmjs.org/fresh/-/fresh-0.5.2.tgz\",\n      \"integrity\": \"sha1-PYyt2Q2XZWn6g1qx+OSyOhBWBac=\"\n    },\n    \"http-errors\": {\n      \"version\": \"1.6.3\",\n      \"resolved\": \"https://registry.npmjs.org/http-errors/-/http-errors-1.6.3.tgz\",\n      \"integrity\": \"sha1-i1VoC7S+KDoLW/TqLjhYC+HZMg0=\",\n      \"requires\": {\n        \"depd\": \"~1.1.2\",\n        \"inherits\": \"2.0.3\",\n        \"setprototypeof\": \"1.1.0\",\n        \"statuses\": \">= 1.4.0 < 2\"\n      }\n    },\n    \"iconv-lite\": {\n      \"version\": \"0.4.23\",\n      \"resolved\": \"https://registry.npmjs.org/iconv-lite/-/iconv-lite-0.4.23.tgz\",\n      \"integrity\": \"sha512-neyTUVFtahjf0mB3dZT77u+8O0QB89jFdnBkd5P1JgYPbPaia3gXXOVL2fq8VyU2gMMD7SaN7QukTB/pmXYvDA==\",\n      \"requires\": {\n        \"safer-buffer\": \">= 2.1.2 < 3\"\n      }\n    },\n    \"inherits\": {\n      \"version\": \"2.0.3\",\n      \"resolved\": \"https://registry.npmjs.org/inherits/-/inherits-2.0.3.tgz\",\n      \"integrity\": \"sha1-Yzwsg+PaQqUC9SRmAiSA9CCCYd4=\"\n    },\n    \"ipaddr.js\": {\n      \"version\": \"1.9.1\",\n      \"resolved\": \"https://registry.npmjs.org/ipaddr.js/-/ipaddr.js-1.9.1.tgz\",\n      \"integrity\": \"sha512-0KI/607xoxSToH7GjN1FfSbLoU0+btTicjsQSWQlh/hZykN8KpmMf7uYwPW3R+akZ6R/w18ZlXSHBYXiYUPO3g==\"\n    },\n    \"media-typer\": {\n      \"version\": \"0.3.0\",\n      \"resolved\": \"https://registry.npmjs.org/media-typer/-/media-typer-0.3.0.tgz\",\n      \"integrity\": \"sha1-hxDXrwqmJvj/+hzgAWhUUmMlV0g=\"\n    },\n    \"merge-descriptors\": {\n      \"version\": \"1.0.1\",\n      \"resolved\": \"https://registry.npmjs.org/merge-descriptors/-/merge-descriptors-1.0.1.tgz\",\n      \"integrity\": \"sha1-sAqqVW3YtEVoFQ7J0blT8/kMu2E=\"\n    },\n    \"methods\": {\n      \"version\": \"1.1.2\",\n      \"resolved\": \"https://registry.npmjs.org/methods/-/methods-1.1.2.tgz\",\n      \"integrity\": \"sha1-VSmk1nZUE07cxSZmVoNbD4Ua/O4=\"\n    },\n    \"mime\": {\n      \"version\": \"1.4.1\",\n      \"resolved\": \"https://registry.npmjs.org/mime/-/mime-1.4.1.tgz\",\n      \"integrity\": \"sha512-KI1+qOZu5DcW6wayYHSzR/tXKCDC5Om4s1z2QJjDULzLcmf3DvzS7oluY4HCTrc+9FiKmWUgeNLg7W3uIQvxtQ==\"\n    },\n    \"mime-db\": {\n      \"version\": \"1.45.0\",\n      \"resolved\": \"https://registry.npmjs.org/mime-db/-/mime-db-1.45.0.tgz\",\n      \"integrity\": \"sha512-CkqLUxUk15hofLoLyljJSrukZi8mAtgd+yE5uO4tqRZsdsAJKv0O+rFMhVDRJgozy+yG6md5KwuXhD4ocIoP+w==\"\n    },\n    \"mime-types\": {\n      \"version\": \"2.1.28\",\n      \"resolved\": \"https://registry.npmjs.org/mime-types/-/mime-types-2.1.28.tgz\",\n      \"integrity\": \"sha512-0TO2yJ5YHYr7M2zzT7gDU1tbwHxEUWBCLt0lscSNpcdAfFyJOVEpRYNS7EXVcTLNj/25QO8gulHC5JtTzSE2UQ==\",\n      \"requires\": {\n        \"mime-db\": \"1.45.0\"\n      }\n    },\n    \"morgan\": {\n      \"version\": \"1.9.1\",\n      \"resolved\": \"https://registry.npmjs.org/morgan/-/morgan-1.9.1.tgz\",\n      \"integrity\": \"sha512-HQStPIV4y3afTiCYVxirakhlCfGkI161c76kKFca7Fk1JusM//Qeo1ej2XaMniiNeaZklMVrh3vTtIzpzwbpmA==\",\n      \"requires\": {\n        \"basic-auth\": \"~2.0.0\",\n        \"debug\": \"2.6.9\",\n        \"depd\": \"~1.1.2\",\n        \"on-finished\": \"~2.3.0\",\n        \"on-headers\": \"~1.0.1\"\n      }\n    },\n    \"ms\": {\n      \"version\": \"2.0.0\",\n      \"resolved\": \"https://registry.npmjs.org/ms/-/ms-2.0.0.tgz\",\n      \"integrity\": \"sha1-VgiurfwAvmwpAd9fmGF4jeDVl8g=\"\n    },\n    \"negotiator\": {\n      \"version\": \"0.6.2\",\n      \"resolved\": \"https://registry.npmjs.org/negotiator/-/negotiator-0.6.2.tgz\",\n      \"integrity\": \"sha512-hZXc7K2e+PgeI1eDBe/10Ard4ekbfrrqG8Ep+8Jmf4JID2bNg7NvCPOZN+kfF574pFQI7mum2AUqDidoKqcTOw==\"\n    },\n    \"on-finished\": {\n      \"version\": \"2.3.0\",\n      \"resolved\": \"https://registry.npmjs.org/on-finished/-/on-finished-2.3.0.tgz\",\n      \"integrity\": \"sha1-IPEzZIGwg811M3mSoWlxqi2QaUc=\",\n      \"requires\": {\n        \"ee-first\": \"1.1.1\"\n      }\n    },\n    \"on-headers\": {\n      \"version\": \"1.0.2\",\n      \"resolved\": \"https://registry.npmjs.org/on-headers/-/on-headers-1.0.2.tgz\",\n      \"integrity\": \"sha512-pZAE+FJLoyITytdqK0U5s+FIpjN0JP3OzFi/u8Rx+EV5/W+JTWGXG8xFzevE7AjBfDqHv/8vL8qQsIhHnqRkrA==\"\n    },\n    \"parseurl\": {\n      \"version\": \"1.3.3\",\n      \"resolved\": \"https://registry.npmjs.org/parseurl/-/parseurl-1.3.3.tgz\",\n      \"integrity\": \"sha512-CiyeOxFT/JZyN5m0z9PfXw4SCBJ6Sygz1Dpl0wqjlhDEGGBP1GnsUVEL0p63hoG1fcj3fHynXi9NYO4nWOL+qQ==\"\n    },\n    \"path-to-regexp\": {\n      \"version\": \"0.1.7\",\n      \"resolved\": \"https://registry.npmjs.org/path-to-regexp/-/path-to-regexp-0.1.7.tgz\",\n      \"integrity\": \"sha1-32BBeABfUi8V60SQ5yR6G/qmf4w=\"\n    },\n    \"proxy-addr\": {\n      \"version\": \"2.0.6\",\n      \"resolved\": \"https://registry.npmjs.org/proxy-addr/-/proxy-addr-2.0.6.tgz\",\n      \"integrity\": \"sha512-dh/frvCBVmSsDYzw6n926jv974gddhkFPfiN8hPOi30Wax25QZyZEGveluCgliBnqmuM+UJmBErbAUFIoDbjOw==\",\n      \"requires\": {\n        \"forwarded\": \"~0.1.2\",\n        \"ipaddr.js\": \"1.9.1\"\n      }\n    },\n    \"qs\": {\n      \"version\": \"6.5.2\",\n      \"resolved\": \"https://registry.npmjs.org/qs/-/qs-6.5.2.tgz\",\n      \"integrity\": \"sha512-N5ZAX4/LxJmF+7wN74pUD6qAh9/wnvdQcjq9TZjevvXzSUo7bfmw91saqMjzGS2xq91/odN2dW/WOl7qQHNDGA==\"\n    },\n    \"range-parser\": {\n      \"version\": \"1.2.1\",\n      \"resolved\": \"https://registry.npmjs.org/range-parser/-/range-parser-1.2.1.tgz\",\n      \"integrity\": \"sha512-Hrgsx+orqoygnmhFbKaHE6c296J+HTAQXoxEF6gNupROmmGJRoyzfG3ccAveqCBrwr/2yxQ5BVd/GTl5agOwSg==\"\n    },\n    \"raw-body\": {\n      \"version\": \"2.3.3\",\n      \"resolved\": \"https://registry.npmjs.org/raw-body/-/raw-body-2.3.3.tgz\",\n      \"integrity\": \"sha512-9esiElv1BrZoI3rCDuOuKCBRbuApGGaDPQfjSflGxdy4oyzqghxu6klEkkVIvBje+FF0BX9coEv8KqW6X/7njw==\",\n      \"requires\": {\n        \"bytes\": \"3.0.0\",\n        \"http-errors\": \"1.6.3\",\n        \"iconv-lite\": \"0.4.23\",\n        \"unpipe\": \"1.0.0\"\n      }\n    },\n    \"safe-buffer\": {\n      \"version\": \"5.1.2\",\n      \"resolved\": \"https://registry.npmjs.org/safe-buffer/-/safe-buffer-5.1.2.tgz\",\n      \"integrity\": \"sha512-Gd2UZBJDkXlY7GbJxfsE8/nvKkUEU1G38c1siN6QP6a9PT9MmHB8GnpscSmMJSoF8LOIrt8ud/wPtojys4G6+g==\"\n    },\n    \"safer-buffer\": {\n      \"version\": \"2.1.2\",\n      \"resolved\": \"https://registry.npmjs.org/safer-buffer/-/safer-buffer-2.1.2.tgz\",\n      \"integrity\": \"sha512-YZo3K82SD7Riyi0E1EQPojLz7kpepnSQI9IyPbHHg1XXXevb5dJI7tpyN2ADxGcQbHG7vcyRHk0cbwqcQriUtg==\"\n    },\n    \"send\": {\n      \"version\": \"0.16.2\",\n      \"resolved\": \"https://registry.npmjs.org/send/-/send-0.16.2.tgz\",\n      \"integrity\": \"sha512-E64YFPUssFHEFBvpbbjr44NCLtI1AohxQ8ZSiJjQLskAdKuriYEP6VyGEsRDH8ScozGpkaX1BGvhanqCwkcEZw==\",\n      \"requires\": {\n        \"debug\": \"2.6.9\",\n        \"depd\": \"~1.1.2\",\n        \"destroy\": \"~1.0.4\",\n        \"encodeurl\": \"~1.0.2\",\n        \"escape-html\": \"~1.0.3\",\n        \"etag\": \"~1.8.1\",\n        \"fresh\": \"0.5.2\",\n        \"http-errors\": \"~1.6.2\",\n        \"mime\": \"1.4.1\",\n        \"ms\": \"2.0.0\",\n        \"on-finished\": \"~2.3.0\",\n        \"range-parser\": \"~1.2.0\",\n        \"statuses\": \"~1.4.0\"\n      }\n    },\n    \"serve-static\": {\n      \"version\": \"1.13.2\",\n      \"resolved\": \"https://registry.npmjs.org/serve-static/-/serve-static-1.13.2.tgz\",\n      \"integrity\": \"sha512-p/tdJrO4U387R9oMjb1oj7qSMaMfmOyd4j9hOFoxZe2baQszgHcSWjuya/CiT5kgZZKRudHNOA0pYXOl8rQ5nw==\",\n      \"requires\": {\n        \"encodeurl\": \"~1.0.2\",\n        \"escape-html\": \"~1.0.3\",\n        \"parseurl\": \"~1.3.2\",\n        \"send\": \"0.16.2\"\n      }\n    },\n    \"setprototypeof\": {\n      \"version\": \"1.1.0\",\n      \"resolved\": \"https://registry.npmjs.org/setprototypeof/-/setprototypeof-1.1.0.tgz\",\n      \"integrity\": \"sha512-BvE/TwpZX4FXExxOxZyRGQQv651MSwmWKZGqvmPcRIjDqWub67kTKuIMx43cZZrS/cBBzwBcNDWoFxt2XEFIpQ==\"\n    },\n    \"statuses\": {\n      \"version\": \"1.4.0\",\n      \"resolved\": \"https://registry.npmjs.org/statuses/-/statuses-1.4.0.tgz\",\n      \"integrity\": \"sha512-zhSCtt8v2NDrRlPQpCNtw/heZLtfUDqxBM1udqikb/Hbk52LK4nQSwr10u77iopCW5LsyHpuXS0GnEc48mLeew==\"\n    },\n    \"type-is\": {\n      \"version\": \"1.6.18\",\n      \"resolved\": \"https://registry.npmjs.org/type-is/-/type-is-1.6.18.tgz\",\n      \"integrity\": \"sha512-TkRKr9sUTxEH8MdfuCSP7VizJyzRNMjj2J2do2Jr3Kym598JVdEksuzPQCnlFPW4ky9Q+iA+ma9BGm06XQBy8g==\",\n      \"requires\": {\n        \"media-typer\": \"0.3.0\",\n        \"mime-types\": \"~2.1.24\"\n      }\n    },\n    \"unpipe\": {\n      \"version\": \"1.0.0\",\n      \"resolved\": \"https://registry.npmjs.org/unpipe/-/unpipe-1.0.0.tgz\",\n      \"integrity\": \"sha1-sr9O6FFKrmFltIF4KdIbLvSZBOw=\"\n    },\n    \"utils-merge\": {\n      \"version\": \"1.0.1\",\n      \"resolved\": \"https://registry.npmjs.org/utils-merge/-/utils-merge-1.0.1.tgz\",\n      \"integrity\": \"sha1-n5VxD1CiZ5R7LMwSR0HBAoQn5xM=\"\n    },\n    \"vary\": {\n      \"version\": \"1.1.2\",\n      \"resolved\": \"https://registry.npmjs.org/vary/-/vary-1.1.2.tgz\",\n      \"integrity\": \"sha1-IpnwLG3tMNSllhsLn3RSShj2NPw=\"\n    }\n  }\n}\n",
  "status": 200,
  "url": "https://raw.githubusercontent.com/Dark0017/javascript-sample-app/main/package-lock.json",
  "packages": {
    "": {
      "dependencies": {
        "axios": "^0.23.0"
      }
    },
    "node_modules/axios": {
      "version": "0.23.0",
      "resolved": "https://registry.npmjs.org/axios/-/axios-0.23.0.tgz",
      "integrity": "sha512-NmvAE4i0YAv5cKq8zlDoPd1VLKAqX5oLuZKs8xkJa4qi6RGn0uhCYFjWtHHC9EM/MwOwYWOs53W+V0aqEXq1sg==",
      "dependencies": {
        "follow-redirects": "^1.14.4"
      }
    },
    "node_modules/follow-redirects": {
      "version": "1.15.1",
      "resolved": "https://registry.npmjs.org/follow-redirects/-/follow-redirects-1.15.1.tgz",
      "integrity": "sha512-yLAMQs+k0b2m7cVxpS1VKJVvoz7SS9Td1zss3XRwXj+ZDH00RJgnuLx7E44wx02kQLrdM3aOOy+FpzS7+8OizA==",
      "funding": [
        {
          "type": "individual",
          "url": "https://github.com/sponsors/RubenVerborgh"
        }
      ],
      "engines": {
        "node": ">=4.0"
      },
      "peerDependenciesMeta": {
        "debug": {
          "optional": true
        }
      }
    }
  },
  "dependencies": {
    "axios": {
      "version": "0.23.0",
      "resolved": "https://registry.npmjs.org/axios/-/axios-0.23.0.tgz",
      "integrity": "sha512-NmvAE4i0YAv5cKq8zlDoPd1VLKAqX5oLuZKs8xkJa4qi6RGn0uhCYFjWtHHC9EM/MwOwYWOs53W+V0aqEXq1sg==",
      "requires": {
        "follow-redirects": "^1.14.4"
      }
    },
    "follow-redirects": {
      "version": "1.15.1",
      "resolved": "https://registry.npmjs.org/follow-redirects/-/follow-redirects-1.15.1.tgz",
      "integrity": "sha512-yLAMQs+k0b2m7cVxpS1VKJVvoz7SS9Td1zss3XRwXj+ZDH00RJgnuLx7E44wx02kQLrdM3aOOy+FpzS7+8OizA=="
    }
  },
  "headers": {
    "accept-ranges": "bytes",
    "access-control-allow-origin": "*",
    "cache-control": "max-age=300",
    "connection": "close",
    "content-encoding": "gzip",
    "content-length": "5736",
    "content-security-policy": "default-src 'none'; style-src 'unsafe-inline'; sandbox",
    "content-type": "text/plain; charset=utf-8",
    "date": "Tue, 31 May 2022 16:21:13 GMT",
    "etag": "W/\"0a05566f6a61a8fde9482cd0f27d1e7253293564997c8ca4d6fdf487f0fb9c25\"",
    "expires": "Tue, 31 May 2022 16:26:13 GMT",
    "source-age": "0",
    "strict-transport-security": "max-age=31536000",
    "vary": "Authorization,Accept-Encoding,Origin",
    "via": "1.1 varnish",
    "x-cache": "HIT",
    "x-cache-hits": "1",
    "x-content-type-options": "nosniff",
    "x-fastly-request-id": "b1044bd423cff6299078880f3d037cd521c1384f",
    "x-frame-options": "deny",
    "x-github-request-id": "4C42:7682:B488:E732:629625BF",
    "x-served-by": "cache-hyd1100030-HYD",
    "x-timer": "S1654014073.903323,VS0,VE267",
    "x-xss-protection": "1; mode=block"
  }
}
